
Microsoft Visual Studio Solution File, Format Version 12.00
# Visual Studio 2013
VisualStudioVersion = 12.0.31101.0
MinimumVisualStudioVersion = 10.0.40219.1
Project("{2150E333-8FDC-42A3-9474-1A3956D46DE8}") = "Solution Items", "Solution Items", "{5EB693F4-CDD7-441C-81FF-D8EB89A0506B}"
	ProjectSection(SolutionItems) = preProject
		Framefield.vsmdi = Framefield.vsmdi
		Local.testsettings = Local.testsettings
		Performance1.psess = Performance1.psess
	EndProjectSection
EndProject
Project("{FAE04EC0-301F-11D3-BF4B-00C04F79EFBC}") = "Tooll", "Tooll\Tooll.csproj", "{64197182-8FFA-4041-91AD-142E046100DE}"
EndProject
Project("{FAE04EC0-301F-11D3-BF4B-00C04F79EFBC}") = "Core", "Core\Core.csproj", "{AF7349E3-1047-4995-85FB-895BD9B9FF2B}"
EndProject
Project("{FAE04EC0-301F-11D3-BF4B-00C04F79EFBC}") = "Player", "Player\Player.csproj", "{CE285FC4-E022-4B95-AE60-979E3B200788}"
EndProject
Project("{FAE04EC0-301F-11D3-BF4B-00C04F79EFBC}") = "OperatorTester", "OperatorTester\OperatorTester.csproj", "{75CB0010-840E-4AD5-AE90-27ED65B2E9CF}"
EndProject
Global
	GlobalSection(SolutionConfigurationPlatforms) = preSolution
		Debug|Any CPU = Debug|Any CPU
		Debug|Mixed Platforms = Debug|Mixed Platforms
		Debug|x64 = Debug|x64
		Debug|x86 = Debug|x86
		Release|Any CPU = Release|Any CPU
		Release|Mixed Platforms = Release|Mixed Platforms
		Release|x64 = Release|x64
		Release|x86 = Release|x86
	EndGlobalSection
	GlobalSection(ProjectConfigurationPlatforms) = postSolution
		{64197182-8FFA-4041-91AD-142E046100DE}.Debug|Any CPU.ActiveCfg = Debug|Any CPU
		{64197182-8FFA-4041-91AD-142E046100DE}.Debug|Any CPU.Build.0 = Debug|Any CPU
		{64197182-8FFA-4041-91AD-142E046100DE}.Debug|Mixed Platforms.ActiveCfg = Debug|x64
		{64197182-8FFA-4041-91AD-142E046100DE}.Debug|Mixed Platforms.Build.0 = Debug|x64
		{64197182-8FFA-4041-91AD-142E046100DE}.Debug|x64.ActiveCfg = Debug|x64
		{64197182-8FFA-4041-91AD-142E046100DE}.Debug|x64.Build.0 = Debug|x64
		{64197182-8FFA-4041-91AD-142E046100DE}.Debug|x86.ActiveCfg = Debug|x86
		{64197182-8FFA-4041-91AD-142E046100DE}.Debug|x86.Build.0 = Debug|x86
		{64197182-8FFA-4041-91AD-142E046100DE}.Release|Any CPU.ActiveCfg = Release|x64
		{64197182-8FFA-4041-91AD-142E046100DE}.Release|Any CPU.Build.0 = Release|x64
		{64197182-8FFA-4041-91AD-142E046100DE}.Release|Mixed Platforms.ActiveCfg = Release|x64
		{64197182-8FFA-4041-91AD-142E046100DE}.Release|Mixed Platforms.Build.0 = Release|x64
		{64197182-8FFA-4041-91AD-142E046100DE}.Release|x64.ActiveCfg = Release|x64
		{64197182-8FFA-4041-91AD-142E046100DE}.Release|x64.Build.0 = Release|x64
		{64197182-8FFA-4041-91AD-142E046100DE}.Release|x86.ActiveCfg = Release|x86
		{64197182-8FFA-4041-91AD-142E046100DE}.Release|x86.Build.0 = Release|x86
		{AF7349E3-1047-4995-85FB-895BD9B9FF2B}.Debug|Any CPU.ActiveCfg = Debug|Any CPU
		{AF7349E3-1047-4995-85FB-895BD9B9FF2B}.Debug|Any CPU.Build.0 = Debug|Any CPU
		{AF7349E3-1047-4995-85FB-895BD9B9FF2B}.Debug|Mixed Platforms.ActiveCfg = Debug|x64
		{AF7349E3-1047-4995-85FB-895BD9B9FF2B}.Debug|Mixed Platforms.Build.0 = Debug|x64
		{AF7349E3-1047-4995-85FB-895BD9B9FF2B}.Debug|x64.ActiveCfg = Debug|Any CPU
		{AF7349E3-1047-4995-85FB-895BD9B9FF2B}.Debug|x64.Build.0 = Debug|Any CPU
		{AF7349E3-1047-4995-85FB-895BD9B9FF2B}.Debug|x86.ActiveCfg = Debug|x86
		{AF7349E3-1047-4995-85FB-895BD9B9FF2B}.Debug|x86.Build.0 = Debug|x86
		{AF7349E3-1047-4995-85FB-895BD9B9FF2B}.Release|Any CPU.ActiveCfg = Release|Any CPU
		{AF7349E3-1047-4995-85FB-895BD9B9FF2B}.Release|Any CPU.Build.0 = Release|Any CPU
		{AF7349E3-1047-4995-85FB-895BD9B9FF2B}.Release|Mixed Platforms.ActiveCfg = Release|Any CPU
		{AF7349E3-1047-4995-85FB-895BD9B9FF2B}.Release|Mixed Platforms.Build.0 = Release|Any CPU
		{AF7349E3-1047-4995-85FB-895BD9B9FF2B}.Release|x64.ActiveCfg = Release|x64
		{AF7349E3-1047-4995-85FB-895BD9B9FF2B}.Release|x64.Build.0 = Release|x64
		{AF7349E3-1047-4995-85FB-895BD9B9FF2B}.Release|x86.ActiveCfg = Release|x86
		{AF7349E3-1047-4995-85FB-895BD9B9FF2B}.Release|x86.Build.0 = Release|x86
		{CE285FC4-E022-4B95-AE60-979E3B200788}.Debug|Any CPU.ActiveCfg = Debug|Any CPU
		{CE285FC4-E022-4B95-AE60-979E3B200788}.Debug|Any CPU.Build.0 = Debug|Any CPU
		{CE285FC4-E022-4B95-AE60-979E3B200788}.Debug|Mixed Platforms.ActiveCfg = Debug|x64
		{CE285FC4-E022-4B95-AE60-979E3B200788}.Debug|Mixed Platforms.Build.0 = Debug|x64
		{CE285FC4-E022-4B95-AE60-979E3B200788}.Debug|x64.ActiveCfg = Debug|x64
		{CE285FC4-E022-4B95-AE60-979E3B200788}.Debug|x64.Build.0 = Debug|x64
		{CE285FC4-E022-4B95-AE60-979E3B200788}.Debug|x86.ActiveCfg = Debug|x86
		{CE285FC4-E022-4B95-AE60-979E3B200788}.Debug|x86.Build.0 = Debug|x86
		{CE285FC4-E022-4B95-AE60-979E3B200788}.Release|Any CPU.ActiveCfg = Release|x64
		{CE285FC4-E022-4B95-AE60-979E3B200788}.Release|Any CPU.Build.0 = Release|x64
		{CE285FC4-E022-4B95-AE60-979E3B200788}.Release|Mixed Platforms.ActiveCfg = Release|x64
		{CE285FC4-E022-4B95-AE60-979E3B200788}.Release|Mixed Platforms.Build.0 = Release|x64
		{CE285FC4-E022-4B95-AE60-979E3B200788}.Release|x64.ActiveCfg = Release|x64
		{CE285FC4-E022-4B95-AE60-979E3B200788}.Release|x64.Build.0 = Release|x64
		{CE285FC4-E022-4B95-AE60-979E3B200788}.Release|x86.ActiveCfg = Release|x86
		{CE285FC4-E022-4B95-AE60-979E3B200788}.Release|x86.Build.0 = Release|x86
		{75CB0010-840E-4AD5-AE90-27ED65B2E9CF}.Debug|Any CPU.ActiveCfg = Debug|Any CPU
		{75CB0010-840E-4AD5-AE90-27ED65B2E9CF}.Debug|Any CPU.Build.0 = Debug|Any CPU
		{75CB0010-840E-4AD5-AE90-27ED65B2E9CF}.Debug|Mixed Platforms.ActiveCfg = Debug|x86
		{75CB0010-840E-4AD5-AE90-27ED65B2E9CF}.Debug|Mixed Platforms.Build.0 = Debug|x86
		{75CB0010-840E-4AD5-AE90-27ED65B2E9CF}.Debug|x64.ActiveCfg = Debug|x64
		{75CB0010-840E-4AD5-AE90-27ED65B2E9CF}.Debug|x64.Build.0 = Debug|x64
		{75CB0010-840E-4AD5-AE90-27ED65B2E9CF}.Debug|x86.ActiveCfg = Debug|x86
		{75CB0010-840E-4AD5-AE90-27ED65B2E9CF}.Debug|x86.Build.0 = Debug|x86
		{75CB0010-840E-4AD5-AE90-27ED65B2E9CF}.Release|Any CPU.ActiveCfg = Release|Any CPU
		{75CB0010-840E-4AD5-AE90-27ED65B2E9CF}.Release|Any CPU.Build.0 = Release|Any CPU
		{75CB0010-840E-4AD5-AE90-27ED65B2E9CF}.Release|Mixed Platforms.ActiveCfg = Release|x64
		{75CB0010-840E-4AD5-AE90-27ED65B2E9CF}.Release|Mixed Platforms.Build.0 = Release|x64
		{75CB0010-840E-4AD5-AE90-27ED65B2E9CF}.Release|x64.ActiveCfg = Release|x64
		{75CB0010-840E-4AD5-AE90-27ED65B2E9CF}.Release|x64.Build.0 = Release|x64
		{75CB0010-840E-4AD5-AE90-27ED65B2E9CF}.Release|x86.ActiveCfg = Release|x86
		{75CB0010-840E-4AD5-AE90-27ED65B2E9CF}.Release|x86.Build.0 = Release|x86
	EndGlobalSection
	GlobalSection(SolutionProperties) = preSolution
		HideSolutionNode = FALSE
	EndGlobalSection
	GlobalSection(NestedProjects) = preSolution
		{64197182-8FFA-4041-91AD-142E046100DE} = {5EB693F4-CDD7-441C-81FF-D8EB89A0506B}
		{AF7349E3-1047-4995-85FB-895BD9B9FF2B} = {5EB693F4-CDD7-441C-81FF-D8EB89A0506B}
		{CE285FC4-E022-4B95-AE60-979E3B200788} = {5EB693F4-CDD7-441C-81FF-D8EB89A0506B}
		{75CB0010-840E-4AD5-AE90-27ED65B2E9CF} = {5EB693F4-CDD7-441C-81FF-D8EB89A0506B}
	EndGlobalSection
EndGlobal
